
Microsoft Visual Studio Solution File, Format Version 12.00
# Visual Studio Version 17
VisualStudioVersion = 17.5.33414.496
MinimumVisualStudioVersion = 10.0.40219.1
Project("{FAE04EC0-301F-11D3-BF4B-00C04F79EFBC}") = "AarimChallenge.API", "src\AarimChallenge.API\AarimChallenge.API.csproj", "{64023D9E-D7AB-4CAE-91A9-7D3207657EA8}"
EndProject
Global
	GlobalSection(SolutionConfigurationPlatforms) = preSolution
		Debug|Any CPU = Debug|Any CPU
		Release|Any CPU = Release|Any CPU
	EndGlobalSection
	GlobalSection(ProjectConfigurationPlatforms) = postSolution
		{64023D9E-D7AB-4CAE-91A9-7D3207657EA8}.Debug|Any CPU.ActiveCfg = Debug|Any CPU
		{64023D9E-D7AB-4CAE-91A9-7D3207657EA8}.Debug|Any CPU.Build.0 = Debug|Any CPU
		{64023D9E-D7AB-4CAE-91A9-7D3207657EA8}.Release|Any CPU.ActiveCfg = Release|Any CPU
		{64023D9E-D7AB-4CAE-91A9-7D3207657EA8}.Release|Any CPU.Build.0 = Release|Any CPU
	EndGlobalSection
	GlobalSection(SolutionProperties) = preSolution
		HideSolutionNode = FALSE
	EndGlobalSection
	GlobalSection(ExtensibilityGlobals) = postSolution
		SolutionGuid = {156FACC8-E6AE-41A7-9681-40208DFA06A0}
	EndGlobalSection
EndGlobal
