
Microsoft Visual Studio Solution File, Format Version 12.00
# Visual Studio Version 17
VisualStudioVersion = 17.5.002.0
MinimumVisualStudioVersion = 10.0.40219.1
Project("{9A19103F-16F7-4668-BE54-9A1E7A4F7556}") = "dev-desafio-api", "dev-desafio-api.csproj", "{98CA90F2-1217-4D64-A76F-D9DA5FC8FF7D}"
EndProject
Global
	GlobalSection(SolutionConfigurationPlatforms) = preSolution
		Debug|Any CPU = Debug|Any CPU
		Release|Any CPU = Release|Any CPU
	EndGlobalSection
	GlobalSection(ProjectConfigurationPlatforms) = postSolution
		{98CA90F2-1217-4D64-A76F-D9DA5FC8FF7D}.Debug|Any CPU.ActiveCfg = Debug|Any CPU
		{98CA90F2-1217-4D64-A76F-D9DA5FC8FF7D}.Debug|Any CPU.Build.0 = Debug|Any CPU
		{98CA90F2-1217-4D64-A76F-D9DA5FC8FF7D}.Release|Any CPU.ActiveCfg = Release|Any CPU
		{98CA90F2-1217-4D64-A76F-D9DA5FC8FF7D}.Release|Any CPU.Build.0 = Release|Any CPU
	EndGlobalSection
	GlobalSection(SolutionProperties) = preSolution
		HideSolutionNode = FALSE
	EndGlobalSection
	GlobalSection(ExtensibilityGlobals) = postSolution
		SolutionGuid = {5CB1548C-2564-46F3-AC4E-A9931948DADC}
	EndGlobalSection
EndGlobal
